{
  "version": "1.0.0",
  "lockfileVersion": 1,
  "requires": true,
  "dependencies": {
    "@alicloud/mpserverless-sdk": {
      "version": "2.3.2",
      "resolved": "https://registry.npm.taobao.org/@alicloud/mpserverless-sdk/download/@alicloud/mpserverless-sdk-2.3.2.tgz",
      "integrity": "sha1-qx+SdfWnZpN3aWhUI1iezmEdoEw="
    },
    "@alicloud/tea-typescript": {
      "version": "1.6.0",
      "resolved": "https://registry.npm.taobao.org/@alicloud/tea-typescript/download/@alicloud/tea-typescript-1.6.0.tgz",
      "integrity": "sha1-uvY3n+Q4wAdPOdBg9tRB1Z7rKAo=",
      "requires": {
        "@types/node": "^12.0.2",
        "httpx": "^2.2.2"
      }
    },
    "@babel/runtime": {
      "version": "7.10.2",
      "resolved": "https://registry.npm.taobao.org/@babel/runtime/download/@babel/runtime-7.10.2.tgz?cache=0&sync_timestamp=1590868599772&other_urls=https%3A%2F%2Fregistry.npm.taobao.org%2F%40babel%2Fruntime%2Fdownload%2F%40babel%2Fruntime-7.10.2.tgz",
      "integrity": "sha1-0QPyHyYCSX04NIoy4AhjfVBtuDk=",
      "dev": true,
      "requires": {
        "regenerator-runtime": "^0.13.4"
      }
    },
    "@types/node": {
      "version": "12.12.47",
      "resolved": "https://registry.npm.taobao.org/@types/node/download/@types/node-12.12.47.tgz?cache=0&sync_timestamp=1591734888739&other_urls=https%3A%2F%2Fregistry.npm.taobao.org%2F%40types%2Fnode%2Fdownload%2F%40types%2Fnode-12.12.47.tgz",
      "integrity": "sha1-UAe4hmovkVDegjNcp+JN0dWb37U="
    },
    "alipay-cloud-sdk": {
      "version": "0.9.16",
      "resolved": "https://registry.npm.taobao.org/alipay-cloud-sdk/download/alipay-cloud-sdk-0.9.16.tgz",
      "integrity": "sha1-ccCoWUB7PMbmNxs/XvROYfRohf8=",
      "dev": true,
      "requires": {
        "alipay-mini-lib": "^0.11.7",
        "tslib": "^1.9.3"
      }
    },
    "alipay-mini-lib": {
      "version": "0.11.7",
      "resolved": "https://registry.npm.taobao.org/alipay-mini-lib/download/alipay-mini-lib-0.11.7.tgz",
      "integrity": "sha1-1VzH/FQwRrC50ID//+oPgr5/GzA=",
      "dev": true,
      "requires": {
        "@babel/runtime": "^7.7.2"
      }
    },
    "alipay-serverless-sdk": {
      "version": "0.0.9",
      "resolved": "https://registry.npm.taobao.org/alipay-serverless-sdk/download/alipay-serverless-sdk-0.0.9.tgz",
      "integrity": "sha1-4lw6XdvXz2dK3z//2YZXy8L7UsE=",
      "requires": {
        "@alicloud/mpserverless-sdk": "^2.2.5",
        "@alicloud/tea-typescript": "^1.6.0",
        "mpserverless-sdk-core": "^0.0.14"
      }
    },
    "debug": {
      "version": "4.1.1",
      "resolved": "https://registry.npm.taobao.org/debug/download/debug-4.1.1.tgz",
      "integrity": "sha1-O3ImAlUQnGtYnO4FDx1RYTlmR5E=",
      "requires": {
        "ms": "^2.1.1"
      }
    },
    "httpx": {
      "version": "2.2.4",
      "resolved": "https://registry.npm.taobao.org/httpx/download/httpx-2.2.4.tgz?cache=0&sync_timestamp=1591845849237&other_urls=https%3A%2F%2Fregistry.npm.taobao.org%2Fhttpx%2Fdownload%2Fhttpx-2.2.4.tgz",
      "integrity": "sha1-oG8PvCcobHbmdmdgF5O/MlNxMFI=",
      "requires": {
        "@types/node": "^12.0.2",
        "debug": "^4.1.1"
      }
    },
    "mpserverless-sdk-core": {
      "version": "0.0.14",
      "resolved": "https://registry.npm.taobao.org/mpserverless-sdk-core/download/mpserverless-sdk-core-0.0.14.tgz",
      "integrity": "sha1-oNeD4qi5M4gq8r3CfiSS6zKM/CU=",
      "requires": {
        "@alicloud/tea-typescript": "^1.6.0"
      }
    },
    "ms": {
      "version": "2.1.2",
      "resolved": "https://registry.npm.taobao.org/ms/download/ms-2.1.2.tgz",
      "integrity": "sha1-0J0fNXtEP0kzgqjrPM0YOHKuYAk="
    },
    "regenerator-runtime": {
      "version": "0.13.5",
      "resolved": "https://registry.npm.taobao.org/regenerator-runtime/download/regenerator-runtime-0.13.5.tgz?cache=0&sync_timestamp=1584052597708&other_urls=https%3A%2F%2Fregistry.npm.taobao.org%2Fregenerator-runtime%2Fdownload%2Fregenerator-runtime-0.13.5.tgz",
      "integrity": "sha1-2Hih0JS0MG0QuQlkhLM+vVXiZpc=",
      "dev": true
    },
    "tslib": {
      "version": "1.13.0",
      "resolved": "https://registry.npm.taobao.org/tslib/download/tslib-1.13.0.tgz",
      "integrity": "sha1-yIHhPMcBWJTtkUhi0nZDb6mkcEM=",
      "dev": true
    }
  }
}
